// !$*UTF8*$!
{
	archiveVersion = 1;
	classes = {
	};
	objectVersion = 56;
	objects = {

/* Begin PBXBuildFile section */
		010200292AAEFFC400EFE7CF /* SignUpScreenView.swift in Sources */ = {isa = PBXBuildFile; fileRef = 010200282AAEFFC400EFE7CF /* SignUpScreenView.swift */; };
		0102002C2AAF04E400EFE7CF /* HomeScreenView.swift in Sources */ = {isa = PBXBuildFile; fileRef = 0102002B2AAF04E400EFE7CF /* HomeScreenView.swift */; };
		0102002E2AAF04FA00EFE7CF /* MainTabBarView.swift in Sources */ = {isa = PBXBuildFile; fileRef = 0102002D2AAF04FA00EFE7CF /* MainTabBarView.swift */; };
		0102FFEC2AAD8C4300EFE7CF /* SplashScreen.swift in Sources */ = {isa = PBXBuildFile; fileRef = 0102FFEB2AAD8C4300EFE7CF /* SplashScreen.swift */; };
		0102FFEF2AAD9A8F00EFE7CF /* MainActionButton.swift in Sources */ = {isa = PBXBuildFile; fileRef = 0102FFEE2AAD9A8F00EFE7CF /* MainActionButton.swift */; };
		0102FFF12AADBC8F00EFE7CF /* LoginScreenView.swift in Sources */ = {isa = PBXBuildFile; fileRef = 0102FFF02AADBC8F00EFE7CF /* LoginScreenView.swift */; };
		0102FFF32AADBE3900EFE7CF /* ViewExtension .swift in Sources */ = {isa = PBXBuildFile; fileRef = 0102FFF22AADBE3900EFE7CF /* ViewExtension .swift */; };
		01307F7A2AAB630700862500 /* EdTech_MobileApp.swift in Sources */ = {isa = PBXBuildFile; fileRef = 01307F792AAB630700862500 /* EdTech_MobileApp.swift */; };
		01307F7C2AAB630700862500 /* IntroductionView.swift in Sources */ = {isa = PBXBuildFile; fileRef = 01307F7B2AAB630700862500 /* IntroductionView.swift */; };
		01307F7E2AAB630800862500 /* Assets.xcassets in Resources */ = {isa = PBXBuildFile; fileRef = 01307F7D2AAB630800862500 /* Assets.xcassets */; };
		01307F812AAB630800862500 /* Preview Assets.xcassets in Resources */ = {isa = PBXBuildFile; fileRef = 01307F802AAB630800862500 /* Preview Assets.xcassets */; };
/* End PBXBuildFile section */

/* Begin PBXFileReference section */
		010200282AAEFFC400EFE7CF /* SignUpScreenView.swift */ = {isa = PBXFileReference; lastKnownFileType = sourcecode.swift; path = SignUpScreenView.swift; sourceTree = "<group>"; };
		0102002B2AAF04E400EFE7CF /* HomeScreenView.swift */ = {isa = PBXFileReference; lastKnownFileType = sourcecode.swift; path = HomeScreenView.swift; sourceTree = "<group>"; };
		0102002D2AAF04FA00EFE7CF /* MainTabBarView.swift */ = {isa = PBXFileReference; lastKnownFileType = sourcecode.swift; path = MainTabBarView.swift; sourceTree = "<group>"; };
		0102FFEB2AAD8C4300EFE7CF /* SplashScreen.swift */ = {isa = PBXFileReference; lastKnownFileType = sourcecode.swift; path = SplashScreen.swift; sourceTree = "<group>"; };
		0102FFEE2AAD9A8F00EFE7CF /* MainActionButton.swift */ = {isa = PBXFileReference; lastKnownFileType = sourcecode.swift; path = MainActionButton.swift; sourceTree = "<group>"; };
		0102FFF02AADBC8F00EFE7CF /* LoginScreenView.swift */ = {isa = PBXFileReference; lastKnownFileType = sourcecode.swift; path = LoginScreenView.swift; sourceTree = "<group>"; };
		0102FFF22AADBE3900EFE7CF /* ViewExtension .swift */ = {isa = PBXFileReference; lastKnownFileType = sourcecode.swift; path = "ViewExtension .swift"; sourceTree = "<group>"; };
		01307F762AAB630700862500 /* EdTech Mobile.app */ = {isa = PBXFileReference; explicitFileType = wrapper.application; includeInIndex = 0; path = "EdTech Mobile.app"; sourceTree = BUILT_PRODUCTS_DIR; };
		01307F792AAB630700862500 /* EdTech_MobileApp.swift */ = {isa = PBXFileReference; lastKnownFileType = sourcecode.swift; path = EdTech_MobileApp.swift; sourceTree = "<group>"; };
		01307F7B2AAB630700862500 /* IntroductionView.swift */ = {isa = PBXFileReference; lastKnownFileType = sourcecode.swift; path = IntroductionView.swift; sourceTree = "<group>"; };
		01307F7D2AAB630800862500 /* Assets.xcassets */ = {isa = PBXFileReference; lastKnownFileType = folder.assetcatalog; path = Assets.xcassets; sourceTree = "<group>"; };
		01307F802AAB630800862500 /* Preview Assets.xcassets */ = {isa = PBXFileReference; lastKnownFileType = folder.assetcatalog; path = "Preview Assets.xcassets"; sourceTree = "<group>"; };
/* End PBXFileReference section */

/* Begin PBXFrameworksBuildPhase section */
		01307F732AAB630600862500 /* Frameworks */ = {
			isa = PBXFrameworksBuildPhase;
			buildActionMask = 2147483647;
			files = (
			);
			runOnlyForDeploymentPostprocessing = 0;
		};
/* End PBXFrameworksBuildPhase section */

/* Begin PBXGroup section */
		010200272AAEFF9D00EFE7CF /* PreLoginScreens */ = {
			isa = PBXGroup;
			children = (
				01307F7B2AAB630700862500 /* IntroductionView.swift */,
				0102FFEB2AAD8C4300EFE7CF /* SplashScreen.swift */,
				0102FFF02AADBC8F00EFE7CF /* LoginScreenView.swift */,
				010200282AAEFFC400EFE7CF /* SignUpScreenView.swift */,
			);
			path = PreLoginScreens;
			sourceTree = "<group>";
		};
		0102002A2AAF04C700EFE7CF /* PostLoginScreens */ = {
			isa = PBXGroup;
			children = (
				0102002D2AAF04FA00EFE7CF /* MainTabBarView.swift */,
				0102002B2AAF04E400EFE7CF /* HomeScreenView.swift */,
			);
			path = PostLoginScreens;
			sourceTree = "<group>";
		};
		0102FFED2AAD9A7100EFE7CF /* ReuseableComps */ = {
			isa = PBXGroup;
			children = (
				0102FFEE2AAD9A8F00EFE7CF /* MainActionButton.swift */,
			);
			path = ReuseableComps;
			sourceTree = "<group>";
		};
		01307F6D2AAB630600862500 = {
			isa = PBXGroup;
			children = (
				01307F782AAB630700862500 /* EdTech Mobile */,
				01307F772AAB630700862500 /* Products */,
			);
			sourceTree = "<group>";
		};
		01307F772AAB630700862500 /* Products */ = {
			isa = PBXGroup;
			children = (
				01307F762AAB630700862500 /* EdTech Mobile.app */,
			);
			name = Products;
			sourceTree = "<group>";
		};
		01307F782AAB630700862500 /* EdTech Mobile */ = {
			isa = PBXGroup;
			children = (
				01307F792AAB630700862500 /* EdTech_MobileApp.swift */,
				010200272AAEFF9D00EFE7CF /* PreLoginScreens */,
				0102002A2AAF04C700EFE7CF /* PostLoginScreens */,
				0102FFED2AAD9A7100EFE7CF /* ReuseableComps */,
				01307F7D2AAB630800862500 /* Assets.xcassets */,
				01307F7F2AAB630800862500 /* Preview Content */,
				0102FFF22AADBE3900EFE7CF /* ViewExtension .swift */,
			);
			path = "EdTech Mobile";
			sourceTree = "<group>";
		};
		01307F7F2AAB630800862500 /* Preview Content */ = {
			isa = PBXGroup;
			children = (
				01307F802AAB630800862500 /* Preview Assets.xcassets */,
			);
			path = "Preview Content";
			sourceTree = "<group>";
		};
/* End PBXGroup section */

/* Begin PBXNativeTarget section */
		01307F752AAB630600862500 /* EdTech Mobile */ = {
			isa = PBXNativeTarget;
			buildConfigurationList = 01307F842AAB630800862500 /* Build configuration list for PBXNativeTarget "EdTech Mobile" */;
			buildPhases = (
				01307F722AAB630600862500 /* Sources */,
				01307F732AAB630600862500 /* Frameworks */,
				01307F742AAB630600862500 /* Resources */,
			);
			buildRules = (
			);
			dependencies = (
			);
			name = "EdTech Mobile";
			productName = "EdTech Mobile";
			productReference = 01307F762AAB630700862500 /* EdTech Mobile.app */;
			productType = "com.apple.product-type.application";
		};
/* End PBXNativeTarget section */

/* Begin PBXProject section */
		01307F6E2AAB630600862500 /* Project object */ = {
			isa = PBXProject;
			attributes = {
				BuildIndependentTargetsInParallel = 1;
				LastSwiftUpdateCheck = 1420;
				LastUpgradeCheck = 1420;
				TargetAttributes = {
					01307F752AAB630600862500 = {
						CreatedOnToolsVersion = 14.2;
					};
				};
			};
			buildConfigurationList = 01307F712AAB630600862500 /* Build configuration list for PBXProject "EdTech Mobile" */;
			compatibilityVersion = "Xcode 14.0";
			developmentRegion = en;
			hasScannedForEncodings = 0;
			knownRegions = (
				en,
				Base,
			);
			mainGroup = 01307F6D2AAB630600862500;
			productRefGroup = 01307F772AAB630700862500 /* Products */;
			projectDirPath = "";
			projectRoot = "";
			targets = (
				01307F752AAB630600862500 /* EdTech Mobile */,
			);
		};
/* End PBXProject section */

/* Begin PBXResourcesBuildPhase section */
		01307F742AAB630600862500 /* Resources */ = {
			isa = PBXResourcesBuildPhase;
			buildActionMask = 2147483647;
			files = (
				01307F812AAB630800862500 /* Preview Assets.xcassets in Resources */,
				01307F7E2AAB630800862500 /* Assets.xcassets in Resources */,
			);
			runOnlyForDeploymentPostprocessing = 0;
		};
/* End PBXResourcesBuildPhase section */

/* Begin PBXSourcesBuildPhase section */
		01307F722AAB630600862500 /* Sources */ = {
			isa = PBXSourcesBuildPhase;
			buildActionMask = 2147483647;
			files = (
				0102FFF12AADBC8F00EFE7CF /* LoginScreenView.swift in Sources */,
				0102FFF32AADBE3900EFE7CF /* ViewExtension .swift in Sources */,
				0102FFEF2AAD9A8F00EFE7CF /* MainActionButton.swift in Sources */,
				0102002C2AAF04E400EFE7CF /* HomeScreenView.swift in Sources */,
				0102002E2AAF04FA00EFE7CF /* MainTabBarView.swift in Sources */,
				0102FFEC2AAD8C4300EFE7CF /* SplashScreen.swift in Sources */,
				010200292AAEFFC400EFE7CF /* SignUpScreenView.swift in Sources */,
				01307F7C2AAB630700862500 /* IntroductionView.swift in Sources */,
				01307F7A2AAB630700862500 /* EdTech_MobileApp.swift in Sources */,
			);
			runOnlyForDeploymentPostprocessing = 0;
		};
/* End PBXSourcesBuildPhase section */

/* Begin XCBuildConfiguration section */
		01307F822AAB630800862500 /* Debug */ = {
			isa = XCBuildConfiguration;
			buildSettings = {
				ALWAYS_SEARCH_USER_PATHS = NO;
				CLANG_ANALYZER_NONNULL = YES;
				CLANG_ANALYZER_NUMBER_OBJECT_CONVERSION = YES_AGGRESSIVE;
				CLANG_CXX_LANGUAGE_STANDARD = "gnu++20";
				CLANG_ENABLE_MODULES = YES;
				CLANG_ENABLE_OBJC_ARC = YES;
				CLANG_ENABLE_OBJC_WEAK = YES;
				CLANG_WARN_BLOCK_CAPTURE_AUTORELEASING = YES;
				CLANG_WARN_BOOL_CONVERSION = YES;
				CLANG_WARN_COMMA = YES;
				CLANG_WARN_CONSTANT_CONVERSION = YES;
				CLANG_WARN_DEPRECATED_OBJC_IMPLEMENTATIONS = YES;
				CLANG_WARN_DIRECT_OBJC_ISA_USAGE = YES_ERROR;
				CLANG_WARN_DOCUMENTATION_COMMENTS = YES;
				CLANG_WARN_EMPTY_BODY = YES;
				CLANG_WARN_ENUM_CONVERSION = YES;
				CLANG_WARN_INFINITE_RECURSION = YES;
				CLANG_WARN_INT_CONVERSION = YES;
				CLANG_WARN_NON_LITERAL_NULL_CONVERSION = YES;
				CLANG_WARN_OBJC_IMPLICIT_RETAIN_SELF = YES;
				CLANG_WARN_OBJC_LITERAL_CONVERSION = YES;
				CLANG_WARN_OBJC_ROOT_CLASS = YES_ERROR;
				CLANG_WARN_QUOTED_INCLUDE_IN_FRAMEWORK_HEADER = YES;
				CLANG_WARN_RANGE_LOOP_ANALYSIS = YES;
				CLANG_WARN_STRICT_PROTOTYPES = YES;
				CLANG_WARN_SUSPICIOUS_MOVE = YES;
				CLANG_WARN_UNGUARDED_AVAILABILITY = YES_AGGRESSIVE;
				CLANG_WARN_UNREACHABLE_CODE = YES;
				CLANG_WARN__DUPLICATE_METHOD_MATCH = YES;
				COPY_PHASE_STRIP = NO;
				DEBUG_INFORMATION_FORMAT = dwarf;
				ENABLE_STRICT_OBJC_MSGSEND = YES;
				ENABLE_TESTABILITY = YES;
				GCC_C_LANGUAGE_STANDARD = gnu11;
				GCC_DYNAMIC_NO_PIC = NO;
				GCC_NO_COMMON_BLOCKS = YES;
				GCC_OPTIMIZATION_LEVEL = 0;
				GCC_PREPROCESSOR_DEFINITIONS = (
					"DEBUG=1",
					"$(inherited)",
				);
				GCC_WARN_64_TO_32_BIT_CONVERSION = YES;
				GCC_WARN_ABOUT_RETURN_TYPE = YES_ERROR;
				GCC_WARN_UNDECLARED_SELECTOR = YES;
				GCC_WARN_UNINITIALIZED_AUTOS = YES_AGGRESSIVE;
				GCC_WARN_UNUSED_FUNCTION = YES;
				GCC_WARN_UNUSED_VARIABLE = YES;
				IPHONEOS_DEPLOYMENT_TARGET = 16.2;
				MTL_ENABLE_DEBUG_INFO = INCLUDE_SOURCE;
				MTL_FAST_MATH = YES;
				ONLY_ACTIVE_ARCH = YES;
				SDKROOT = iphoneos;
				SWIFT_ACTIVE_COMPILATION_CONDITIONS = DEBUG;
				SWIFT_OPTIMIZATION_LEVEL = "-Onone";
			};
			name = Debug;
		};
		01307F832AAB630800862500 /* Release */ = {
			isa = XCBuildConfiguration;
			buildSettings = {
				ALWAYS_SEARCH_USER_PATHS = NO;
				CLANG_ANALYZER_NONNULL = YES;
				CLANG_ANALYZER_NUMBER_OBJECT_CONVERSION = YES_AGGRESSIVE;
				CLANG_CXX_LANGUAGE_STANDARD = "gnu++20";
				CLANG_ENABLE_MODULES = YES;
				CLANG_ENABLE_OBJC_ARC = YES;
				CLANG_ENABLE_OBJC_WEAK = YES;
				CLANG_WARN_BLOCK_CAPTURE_AUTORELEASING = YES;
				CLANG_WARN_BOOL_CONVERSION = YES;
				CLANG_WARN_COMMA = YES;
				CLANG_WARN_CONSTANT_CONVERSION = YES;
				CLANG_WARN_DEPRECATED_OBJC_IMPLEMENTATIONS = YES;
				CLANG_WARN_DIRECT_OBJC_ISA_USAGE = YES_ERROR;
				CLANG_WARN_DOCUMENTATION_COMMENTS = YES;
				CLANG_WARN_EMPTY_BODY = YES;
				CLANG_WARN_ENUM_CONVERSION = YES;
				CLANG_WARN_INFINITE_RECURSION = YES;
				CLANG_WARN_INT_CONVERSION = YES;
				CLANG_WARN_NON_LITERAL_NULL_CONVERSION = YES;
				CLANG_WARN_OBJC_IMPLICIT_RETAIN_SELF = YES;
				CLANG_WARN_OBJC_LITERAL_CONVERSION = YES;
				CLANG_WARN_OBJC_ROOT_CLASS = YES_ERROR;
				CLANG_WARN_QUOTED_INCLUDE_IN_FRAMEWORK_HEADER = YES;
				CLANG_WARN_RANGE_LOOP_ANALYSIS = YES;
				CLANG_WARN_STRICT_PROTOTYPES = YES;
				CLANG_WARN_SUSPICIOUS_MOVE = YES;
				CLANG_WARN_UNGUARDED_AVAILABILITY = YES_AGGRESSIVE;
				CLANG_WARN_UNREACHABLE_CODE = YES;
				CLANG_WARN__DUPLICATE_METHOD_MATCH = YES;
				COPY_PHASE_STRIP = NO;
				DEBUG_INFORMATION_FORMAT = "dwarf-with-dsym";
				ENABLE_NS_ASSERTIONS = NO;
				ENABLE_STRICT_OBJC_MSGSEND = YES;
				GCC_C_LANGUAGE_STANDARD = gnu11;
				GCC_NO_COMMON_BLOCKS = YES;
				GCC_WARN_64_TO_32_BIT_CONVERSION = YES;
				GCC_WARN_ABOUT_RETURN_TYPE = YES_ERROR;
				GCC_WARN_UNDECLARED_SELECTOR = YES;
				GCC_WARN_UNINITIALIZED_AUTOS = YES_AGGRESSIVE;
				GCC_WARN_UNUSED_FUNCTION = YES;
				GCC_WARN_UNUSED_VARIABLE = YES;
				IPHONEOS_DEPLOYMENT_TARGET = 16.2;
				MTL_ENABLE_DEBUG_INFO = NO;
				MTL_FAST_MATH = YES;
				SDKROOT = iphoneos;
				SWIFT_COMPILATION_MODE = wholemodule;
				SWIFT_OPTIMIZATION_LEVEL = "-O";
				VALIDATE_PRODUCT = YES;
			};
			name = Release;
		};
		01307F852AAB630800862500 /* Debug */ = {
			isa = XCBuildConfiguration;
			buildSettings = {
				ASSETCATALOG_COMPILER_APPICON_NAME = AppIcon;
				ASSETCATALOG_COMPILER_GLOBAL_ACCENT_COLOR_NAME = AccentColor;
				CODE_SIGN_STYLE = Automatic;
				CURRENT_PROJECT_VERSION = 1;
				DEVELOPMENT_ASSET_PATHS = "\"EdTech Mobile/Preview Content\"";
				DEVELOPMENT_TEAM = LLGNUKU74K;
				ENABLE_PREVIEWS = YES;
				GENERATE_INFOPLIST_FILE = YES;
				INFOPLIST_KEY_UIApplicationSceneManifest_Generation = YES;
				INFOPLIST_KEY_UIApplicationSupportsIndirectInputEvents = YES;
				INFOPLIST_KEY_UILaunchScreen_Generation = YES;
				INFOPLIST_KEY_UISupportedInterfaceOrientations_iPad = "UIInterfaceOrientationPortrait UIInterfaceOrientationPortraitUpsideDown UIInterfaceOrientationLandscapeLeft UIInterfaceOrientationLandscapeRight";
				INFOPLIST_KEY_UISupportedInterfaceOrientations_iPhone = "UIInterfaceOrientationPortrait UIInterfaceOrientationLandscapeLeft UIInterfaceOrientationLandscapeRight";
				LD_RUNPATH_SEARCH_PATHS = (
					"$(inherited)",
					"@executable_path/Frameworks",
				);
				MARKETING_VERSION = 1.0;
				PRODUCT_BUNDLE_IDENTIFIER = "com.edtechNew.EdTech-Mobile";
				PRODUCT_NAME = "$(TARGET_NAME)";
				SWIFT_EMIT_LOC_STRINGS = YES;
				SWIFT_VERSION = 5.0;
				TARGETED_DEVICE_FAMILY = "1,2";
			};
			name = Debug;
		};
		01307F862AAB630800862500 /* Release */ = {
			isa = XCBuildConfiguration;
			buildSettings = {
				ASSETCATALOG_COMPILER_APPICON_NAME = AppIcon;
				ASSETCATALOG_COMPILER_GLOBAL_ACCENT_COLOR_NAME = AccentColor;
				CODE_SIGN_STYLE = Automatic;
				CURRENT_PROJECT_VERSION = 1;
				DEVELOPMENT_ASSET_PATHS = "\"EdTech Mobile/Preview Content\"";
				DEVELOPMENT_TEAM = LLGNUKU74K;
				ENABLE_PREVIEWS = YES;
				GENERATE_INFOPLIST_FILE = YES;
				INFOPLIST_KEY_UIApplicationSceneManifest_Generation = YES;
				INFOPLIST_KEY_UIApplicationSupportsIndirectInputEvents = YES;
				INFOPLIST_KEY_UILaunchScreen_Generation = YES;
				INFOPLIST_KEY_UISupportedInterfaceOrientations_iPad = "UIInterfaceOrientationPortrait UIInterfaceOrientationPortraitUpsideDown UIInterfaceOrientationLandscapeLeft UIInterfaceOrientationLandscapeRight";
				INFOPLIST_KEY_UISupportedInterfaceOrientations_iPhone = "UIInterfaceOrientationPortrait UIInterfaceOrientationLandscapeLeft UIInterfaceOrientationLandscapeRight";
				LD_RUNPATH_SEARCH_PATHS = (
					"$(inherited)",
					"@executable_path/Frameworks",
				);
				MARKETING_VERSION = 1.0;
				PRODUCT_BUNDLE_IDENTIFIER = "com.edtechNew.EdTech-Mobile";
				PRODUCT_NAME = "$(TARGET_NAME)";
				SWIFT_EMIT_LOC_STRINGS = YES;
				SWIFT_VERSION = 5.0;
				TARGETED_DEVICE_FAMILY = "1,2";
			};
			name = Release;
		};
/* End XCBuildConfiguration section */

/* Begin XCConfigurationList section */
		01307F712AAB630600862500 /* Build configuration list for PBXProject "EdTech Mobile" */ = {
			isa = XCConfigurationList;
			buildConfigurations = (
				01307F822AAB630800862500 /* Debug */,
				01307F832AAB630800862500 /* Release */,
			);
			defaultConfigurationIsVisible = 0;
			defaultConfigurationName = Release;
		};
		01307F842AAB630800862500 /* Build configuration list for PBXNativeTarget "EdTech Mobile" */ = {
			isa = XCConfigurationList;
			buildConfigurations = (
				01307F852AAB630800862500 /* Debug */,
				01307F862AAB630800862500 /* Release */,
			);
			defaultConfigurationIsVisible = 0;
			defaultConfigurationName = Release;
		};
/* End XCConfigurationList section */
	};
	rootObject = 01307F6E2AAB630600862500 /* Project object */;
}
